dependencies:
- name: testfachdienst
  repository: file://charts/testfachdienst
  version: 0.0.1
- name: hsmsim
  repository: file://charts/hsmsim
  version: 0.0.1
- name: popp-mocks
  repository: file://charts/popp-mocks
  version: 0.0.1
- name: test-monitoring-service
  repository: file://charts/test-monitoring-service
  version: 0.1.0
- name: exauthsim
  repository: file://charts/exauthsim
  version: 0.0.1
- name: zeta-guard
  repository: file://charts/zeta-guard
  version: 1.2.2
- name: testdriver
  repository: file://charts/test-driver
  version: 0.0.1
- name: nativedriver
  repository: file://charts/native-driver
  version: 0.0.1
- name: tiger-proxy
  repository: file://charts/tiger-proxy
  version: 0.0.1
- name: tiger-testsuite
  repository: file://charts/tiger-testsuite
  version: 0.0.1
- name: zeta-tls-test-tool-service
  repository: file://charts/zeta-tls-test-tool-service
  version: 0.1.0
- name: zeta-cert-validation-mock
  repository: file://charts/zeta-cert-validation-mock
  version: 0.1.0
- name: infinispan-external
  repository: file://charts/infinispan-external
  version: 0.0.1
digest: sha256:aa81546862314bed8c340a11e9fe09c7fc08806155f788cf965b7ed99f14dc09
generated: "2026-07-02T18:10:20.25036024+02:00"
